
Microsoft Visual Studio Solution File, Format Version 12.00
# Visual Studio 15
VisualStudioVersion = 15.0.26730.12
MinimumVisualStudioVersion = 10.0.40219.1
Project("{8BC9CEB8-8B4A-11D0-8D11-00A0C91BC942}") = "MarioExodus", "MarioExodus\MarioExodus.vcxproj", "{BDE2D84E-DF29-4133-946C-5DDD0BA4FA98}"
EndProject
Global
	GlobalSection(SolutionConfigurationPlatforms) = preSolution
		Debug|x64 = Debug|x64
		Debug|x86 = Debug|x86
		Release|x64 = Release|x64
		Release|x86 = Release|x86
	EndGlobalSection
	GlobalSection(ProjectConfigurationPlatforms) = postSolution
		{BDE2D84E-DF29-4133-946C-5DDD0BA4FA98}.Debug|x64.ActiveCfg = Debug|x64
		{BDE2D84E-DF29-4133-946C-5DDD0BA4FA98}.Debug|x64.Build.0 = Debug|x64
		{BDE2D84E-DF29-4133-946C-5DDD0BA4FA98}.Debug|x86.ActiveCfg = Debug|Win32
		{BDE2D84E-DF29-4133-946C-5DDD0BA4FA98}.Debug|x86.Build.0 = Debug|Win32
		{BDE2D84E-DF29-4133-946C-5DDD0BA4FA98}.Release|x64.ActiveCfg = Release|x64
		{BDE2D84E-DF29-4133-946C-5DDD0BA4FA98}.Release|x64.Build.0 = Release|x64
		{BDE2D84E-DF29-4133-946C-5DDD0BA4FA98}.Release|x86.ActiveCfg = Release|Win32
		{BDE2D84E-DF29-4133-946C-5DDD0BA4FA98}.Release|x86.Build.0 = Release|Win32
	EndGlobalSection
	GlobalSection(SolutionProperties) = preSolution
		HideSolutionNode = FALSE
	EndGlobalSection
	GlobalSection(ExtensibilityGlobals) = postSolution
		SolutionGuid = {15841A74-834D-4957-8ADF-C7ECA234C5E0}
	EndGlobalSection
EndGlobal
